// !$*UTF8*$!
{
	archiveVersion = 1;
	classes = {
	};
	objectVersion = 56;
	objects = {

/* Begin PBXBuildFile section */
		3E5D32552A123DE7007BB1D1 /* TabbarView.swift in Sources */ = {isa = PBXBuildFile; fileRef = 3E5D32542A123DE7007BB1D1 /* TabbarView.swift */; };
		3E5D32572A123DF3007BB1D1 /* TabBarViewModel.swift in Sources */ = {isa = PBXBuildFile; fileRef = 3E5D32562A123DF3007BB1D1 /* TabBarViewModel.swift */; };
		3E5D325B2A123F7F007BB1D1 /* HomeViewModel.swift in Sources */ = {isa = PBXBuildFile; fileRef = 3E5D325A2A123F7F007BB1D1 /* HomeViewModel.swift */; };
		3E5D325D2A123F92007BB1D1 /* BookshelfView.swift in Sources */ = {isa = PBXBuildFile; fileRef = 3E5D325C2A123F92007BB1D1 /* BookshelfView.swift */; };
		3E5D325F2A123F9A007BB1D1 /* BookshelfViewModel.swift in Sources */ = {isa = PBXBuildFile; fileRef = 3E5D325E2A123F9A007BB1D1 /* BookshelfViewModel.swift */; };
		3E5D32612A123FAF007BB1D1 /* SettingsView.swift in Sources */ = {isa = PBXBuildFile; fileRef = 3E5D32602A123FAF007BB1D1 /* SettingsView.swift */; };
		3E5D32632A123FB8007BB1D1 /* SettingsViewModel.swift in Sources */ = {isa = PBXBuildFile; fileRef = 3E5D32622A123FB8007BB1D1 /* SettingsViewModel.swift */; };
		3E5D32652A124016007BB1D1 /* TabbarItemEnum.swift in Sources */ = {isa = PBXBuildFile; fileRef = 3E5D32642A124016007BB1D1 /* TabbarItemEnum.swift */; };
		3E61D4252A1B5CF4003CC7C3 /* Image+Extension.swift in Sources */ = {isa = PBXBuildFile; fileRef = 3E61D4242A1B5CF4003CC7C3 /* Image+Extension.swift */; };
		3E61D4282A1E3471003CC7C3 /* ChangePasswordView.swift in Sources */ = {isa = PBXBuildFile; fileRef = 3E61D4272A1E3471003CC7C3 /* ChangePasswordView.swift */; };
		3E61D42A2A1E347D003CC7C3 /* ChangePasswordViewModel.swift in Sources */ = {isa = PBXBuildFile; fileRef = 3E61D4292A1E347D003CC7C3 /* ChangePasswordViewModel.swift */; };
		3E61D42C2A1E3881003CC7C3 /* SecureTextField.swift in Sources */ = {isa = PBXBuildFile; fileRef = 3E61D42B2A1E3881003CC7C3 /* SecureTextField.swift */; };
		3E61D42F2A1E3BAA003CC7C3 /* PasswordTextField.swift in Sources */ = {isa = PBXBuildFile; fileRef = 3E61D42E2A1E3BAA003CC7C3 /* PasswordTextField.swift */; };
		3E61D4312A1E3BF4003CC7C3 /* NonSecureTextField.swift in Sources */ = {isa = PBXBuildFile; fileRef = 3E61D4302A1E3BF4003CC7C3 /* NonSecureTextField.swift */; };
		3E8CCA7F2A162A2F002F59E2 /* GreetingViewModel.swift in Sources */ = {isa = PBXBuildFile; fileRef = 3E8CCA7E2A162A2F002F59E2 /* GreetingViewModel.swift */; };
		3E8CCA812A1652F1002F59E2 /* View+Extension.swift in Sources */ = {isa = PBXBuildFile; fileRef = 3E8CCA802A1652F1002F59E2 /* View+Extension.swift */; };
		3EA21D1D2A138A3100797BE9 /* SettingsEnum.swift in Sources */ = {isa = PBXBuildFile; fileRef = 3EA21D1C2A138A3100797BE9 /* SettingsEnum.swift */; };
		3EA21D212A138E2000797BE9 /* SettingCell.swift in Sources */ = {isa = PBXBuildFile; fileRef = 3EA21D202A138E2000797BE9 /* SettingCell.swift */; };
		3EA21D282A13A13200797BE9 /* AppearanceView.swift in Sources */ = {isa = PBXBuildFile; fileRef = 3EA21D272A13A13200797BE9 /* AppearanceView.swift */; };
		3EA21D2A2A13A14600797BE9 /* PaymentMethodsView.swift in Sources */ = {isa = PBXBuildFile; fileRef = 3EA21D292A13A14600797BE9 /* PaymentMethodsView.swift */; };
		3EA21D2C2A13A15500797BE9 /* NotificationsView.swift in Sources */ = {isa = PBXBuildFile; fileRef = 3EA21D2B2A13A15500797BE9 /* NotificationsView.swift */; };
		3EA21D2E2A13A16600797BE9 /* AccountInformationView.swift in Sources */ = {isa = PBXBuildFile; fileRef = 3EA21D2D2A13A16600797BE9 /* AccountInformationView.swift */; };
		3EA21D312A13A4FA00797BE9 /* PurchasesView.swift in Sources */ = {isa = PBXBuildFile; fileRef = 3EA21D302A13A4FA00797BE9 /* PurchasesView.swift */; };
		3EB6B51429ED49CB00CBFD0D /* BookistaApp.swift in Sources */ = {isa = PBXBuildFile; fileRef = 3EB6B51329ED49CB00CBFD0D /* BookistaApp.swift */; };
		3EB6B51829ED49CC00CBFD0D /* Assets.xcassets in Resources */ = {isa = PBXBuildFile; fileRef = 3EB6B51729ED49CC00CBFD0D /* Assets.xcassets */; };
		3EB6B51B29ED49CC00CBFD0D /* Preview Assets.xcassets in Resources */ = {isa = PBXBuildFile; fileRef = 3EB6B51A29ED49CC00CBFD0D /* Preview Assets.xcassets */; };
		3EB6B52D29ED4BB800CBFD0D /* GreetingView.swift in Sources */ = {isa = PBXBuildFile; fileRef = 3EB6B52C29ED4BB800CBFD0D /* GreetingView.swift */; };
		3EB6B53329ED4C3600CBFD0D /* LoginView.swift in Sources */ = {isa = PBXBuildFile; fileRef = 3EB6B53229ED4C3600CBFD0D /* LoginView.swift */; };
		3EB6B53529ED4C4100CBFD0D /* LoginViewModel.swift in Sources */ = {isa = PBXBuildFile; fileRef = 3EB6B53429ED4C4100CBFD0D /* LoginViewModel.swift */; };
		3EB6B53729ED4C4F00CBFD0D /* SignUpView.swift in Sources */ = {isa = PBXBuildFile; fileRef = 3EB6B53629ED4C4F00CBFD0D /* SignUpView.swift */; };
		3EB6B53929ED4C5900CBFD0D /* SignUpViewModel.swift in Sources */ = {isa = PBXBuildFile; fileRef = 3EB6B53829ED4C5900CBFD0D /* SignUpViewModel.swift */; };
		3EB6B53C29ED4C9800CBFD0D /* StringConstants.swift in Sources */ = {isa = PBXBuildFile; fileRef = 3EB6B53B29ED4C9800CBFD0D /* StringConstants.swift */; };
		3EB6B53E29ED4CA900CBFD0D /* DataError.swift in Sources */ = {isa = PBXBuildFile; fileRef = 3EB6B53D29ED4CA900CBFD0D /* DataError.swift */; };
		3EB6B54229ED4CE200CBFD0D /* RealmDataStore.swift in Sources */ = {isa = PBXBuildFile; fileRef = 3EB6B54129ED4CE200CBFD0D /* RealmDataStore.swift */; };
		3EB6B54429ED4CF300CBFD0D /* NetworkManager.swift in Sources */ = {isa = PBXBuildFile; fileRef = 3EB6B54329ED4CF300CBFD0D /* NetworkManager.swift */; };
		3EB6B55529EE84D100CBFD0D /* Roboto-Medium.ttf in Resources */ = {isa = PBXBuildFile; fileRef = 3EB6B54829EE84D100CBFD0D /* Roboto-Medium.ttf */; };
		3EB6B55629EE84D100CBFD0D /* Roboto-Light.ttf in Resources */ = {isa = PBXBuildFile; fileRef = 3EB6B54929EE84D100CBFD0D /* Roboto-Light.ttf */; };
		3EB6B55729EE84D100CBFD0D /* Roboto-Regular.ttf in Resources */ = {isa = PBXBuildFile; fileRef = 3EB6B54A29EE84D100CBFD0D /* Roboto-Regular.ttf */; };
		3EB6B55829EE84D100CBFD0D /* Roboto-MediumItalic.ttf in Resources */ = {isa = PBXBuildFile; fileRef = 3EB6B54B29EE84D100CBFD0D /* Roboto-MediumItalic.ttf */; };
		3EB6B55929EE84D100CBFD0D /* Roboto-ThinItalic.ttf in Resources */ = {isa = PBXBuildFile; fileRef = 3EB6B54C29EE84D100CBFD0D /* Roboto-ThinItalic.ttf */; };
		3EB6B55A29EE84D100CBFD0D /* Roboto-BoldItalic.ttf in Resources */ = {isa = PBXBuildFile; fileRef = 3EB6B54D29EE84D100CBFD0D /* Roboto-BoldItalic.ttf */; };
		3EB6B55B29EE84D100CBFD0D /* Roboto-LightItalic.ttf in Resources */ = {isa = PBXBuildFile; fileRef = 3EB6B54E29EE84D100CBFD0D /* Roboto-LightItalic.ttf */; };
		3EB6B55C29EE84D100CBFD0D /* Roboto-Italic.ttf in Resources */ = {isa = PBXBuildFile; fileRef = 3EB6B54F29EE84D100CBFD0D /* Roboto-Italic.ttf */; };
		3EB6B55E29EE84D100CBFD0D /* Roboto-BlackItalic.ttf in Resources */ = {isa = PBXBuildFile; fileRef = 3EB6B55129EE84D100CBFD0D /* Roboto-BlackItalic.ttf */; };
		3EB6B55F29EE84D100CBFD0D /* Roboto-Bold.ttf in Resources */ = {isa = PBXBuildFile; fileRef = 3EB6B55229EE84D100CBFD0D /* Roboto-Bold.ttf */; };
		3EB6B56029EE84D100CBFD0D /* Roboto-Thin.ttf in Resources */ = {isa = PBXBuildFile; fileRef = 3EB6B55329EE84D100CBFD0D /* Roboto-Thin.ttf */; };
		3EB6B56129EE84D100CBFD0D /* Roboto-Black.ttf in Resources */ = {isa = PBXBuildFile; fileRef = 3EB6B55429EE84D100CBFD0D /* Roboto-Black.ttf */; };
		3EB6B5D629EE84FA00CBFD0D /* Poppins-Regular.ttf in Resources */ = {isa = PBXBuildFile; fileRef = 3EB6B5C329EE84FA00CBFD0D /* Poppins-Regular.ttf */; };
		3EB6B5D729EE84FA00CBFD0D /* Poppins-LightItalic.ttf in Resources */ = {isa = PBXBuildFile; fileRef = 3EB6B5C429EE84FA00CBFD0D /* Poppins-LightItalic.ttf */; };
		3EB6B5D829EE84FA00CBFD0D /* Poppins-Bold.ttf in Resources */ = {isa = PBXBuildFile; fileRef = 3EB6B5C529EE84FA00CBFD0D /* Poppins-Bold.ttf */; };
		3EB6B5D929EE84FA00CBFD0D /* Poppins-Black.ttf in Resources */ = {isa = PBXBuildFile; fileRef = 3EB6B5C629EE84FA00CBFD0D /* Poppins-Black.ttf */; };
		3EB6B5DA29EE84FA00CBFD0D /* Poppins-Thin.ttf in Resources */ = {isa = PBXBuildFile; fileRef = 3EB6B5C729EE84FA00CBFD0D /* Poppins-Thin.ttf */; };
		3EB6B5DB29EE84FA00CBFD0D /* Poppins-SemiBold.ttf in Resources */ = {isa = PBXBuildFile; fileRef = 3EB6B5C829EE84FA00CBFD0D /* Poppins-SemiBold.ttf */; };
		3EB6B5DC29EE84FA00CBFD0D /* Poppins-Italic.ttf in Resources */ = {isa = PBXBuildFile; fileRef = 3EB6B5C929EE84FA00CBFD0D /* Poppins-Italic.ttf */; };
		3EB6B5DD29EE84FA00CBFD0D /* Poppins-MediumItalic.ttf in Resources */ = {isa = PBXBuildFile; fileRef = 3EB6B5CA29EE84FA00CBFD0D /* Poppins-MediumItalic.ttf */; };
		3EB6B5F429EE850000CBFD0D /* NunitoSans-Regular.ttf in Resources */ = {isa = PBXBuildFile; fileRef = 3EB6B5E529EE850000CBFD0D /* NunitoSans-Regular.ttf */; };
		3EB6B5F829EE850000CBFD0D /* NunitoSans-Bold.ttf in Resources */ = {isa = PBXBuildFile; fileRef = 3EB6B5E929EE850000CBFD0D /* NunitoSans-Bold.ttf */; };
		3EB6B60029EE8AF700CBFD0D /* UIFont+Extension.swift in Sources */ = {isa = PBXBuildFile; fileRef = 3EB6B5FF29EE8AF700CBFD0D /* UIFont+Extension.swift */; };
		3EB6B60329EE8CB300CBFD0D /* UIColor+Extension.swift in Sources */ = {isa = PBXBuildFile; fileRef = 3EB6B60229EE8CB300CBFD0D /* UIColor+Extension.swift */; };
		3EB6B60629EFF20D00CBFD0D /* AuthorizationTextField.swift in Sources */ = {isa = PBXBuildFile; fileRef = 3EB6B60529EFF20D00CBFD0D /* AuthorizationTextField.swift */; };
		3EB6B60C29F1215500CBFD0D /* User.swift in Sources */ = {isa = PBXBuildFile; fileRef = 3EB6B60B29F1215500CBFD0D /* User.swift */; };
		3EB6B60F29F131B500CBFD0D /* HomeView.swift in Sources */ = {isa = PBXBuildFile; fileRef = 3EB6B60E29F131B500CBFD0D /* HomeView.swift */; };
		3EB6B61129F14B2300CBFD0D /* UIApplication+Extension .swift in Sources */ = {isa = PBXBuildFile; fileRef = 3EB6B61029F14B2300CBFD0D /* UIApplication+Extension .swift */; };
		3EC062692A1760FC00C64A99 /* AccountInformationViewModel.swift in Sources */ = {isa = PBXBuildFile; fileRef = 3EC062682A1760FC00C64A99 /* AccountInformationViewModel.swift */; };
		3EC0626C2A1786C800C64A99 /* LocalManager.swift in Sources */ = {isa = PBXBuildFile; fileRef = 3EC0626B2A1786C800C64A99 /* LocalManager.swift */; };
		3EE17D6D2A24CB800093E0A7 /* TitleView.swift in Sources */ = {isa = PBXBuildFile; fileRef = 3EE17D6C2A24CB800093E0A7 /* TitleView.swift */; };
		3EE17D702A24CC7B0093E0A7 /* AddCardView.swift in Sources */ = {isa = PBXBuildFile; fileRef = 3EE17D6F2A24CC7B0093E0A7 /* AddCardView.swift */; };
		3EE17D722A24CC840093E0A7 /* AddCardViewModel.swift in Sources */ = {isa = PBXBuildFile; fileRef = 3EE17D712A24CC840093E0A7 /* AddCardViewModel.swift */; };
		3EE17D752A24DF330093E0A7 /* AddNewCardTextField.swift in Sources */ = {isa = PBXBuildFile; fileRef = 3EE17D742A24DF330093E0A7 /* AddNewCardTextField.swift */; };
		DB17D8E91FCA30A902B6F1D1 /* Pods_Bookista.framework in Frameworks */ = {isa = PBXBuildFile; fileRef = D0DC825E78B7374A0C4C527F /* Pods_Bookista.framework */; };
/* End PBXBuildFile section */

/* Begin PBXFileReference section */
		3D18B1F7974C033D62A87347 /* Pods-Bookista.release.xcconfig */ = {isa = PBXFileReference; includeInIndex = 1; lastKnownFileType = text.xcconfig; name = "Pods-Bookista.release.xcconfig"; path = "Target Support Files/Pods-Bookista/Pods-Bookista.release.xcconfig"; sourceTree = "<group>"; };
		3E5D32542A123DE7007BB1D1 /* TabbarView.swift */ = {isa = PBXFileReference; lastKnownFileType = sourcecode.swift; path = TabbarView.swift; sourceTree = "<group>"; };
		3E5D32562A123DF3007BB1D1 /* TabBarViewModel.swift */ = {isa = PBXFileReference; lastKnownFileType = sourcecode.swift; path = TabBarViewModel.swift; sourceTree = "<group>"; };
		3E5D325A2A123F7F007BB1D1 /* HomeViewModel.swift */ = {isa = PBXFileReference; lastKnownFileType = sourcecode.swift; path = HomeViewModel.swift; sourceTree = "<group>"; };
		3E5D325C2A123F92007BB1D1 /* BookshelfView.swift */ = {isa = PBXFileReference; lastKnownFileType = sourcecode.swift; path = BookshelfView.swift; sourceTree = "<group>"; };
		3E5D325E2A123F9A007BB1D1 /* BookshelfViewModel.swift */ = {isa = PBXFileReference; lastKnownFileType = sourcecode.swift; path = BookshelfViewModel.swift; sourceTree = "<group>"; };
		3E5D32602A123FAF007BB1D1 /* SettingsView.swift */ = {isa = PBXFileReference; lastKnownFileType = sourcecode.swift; path = SettingsView.swift; sourceTree = "<group>"; };
		3E5D32622A123FB8007BB1D1 /* SettingsViewModel.swift */ = {isa = PBXFileReference; lastKnownFileType = sourcecode.swift; path = SettingsViewModel.swift; sourceTree = "<group>"; };
		3E5D32642A124016007BB1D1 /* TabbarItemEnum.swift */ = {isa = PBXFileReference; lastKnownFileType = sourcecode.swift; path = TabbarItemEnum.swift; sourceTree = "<group>"; };
		3E61D4242A1B5CF4003CC7C3 /* Image+Extension.swift */ = {isa = PBXFileReference; lastKnownFileType = sourcecode.swift; path = "Image+Extension.swift"; sourceTree = "<group>"; };
		3E61D4272A1E3471003CC7C3 /* ChangePasswordView.swift */ = {isa = PBXFileReference; lastKnownFileType = sourcecode.swift; path = ChangePasswordView.swift; sourceTree = "<group>"; };
		3E61D4292A1E347D003CC7C3 /* ChangePasswordViewModel.swift */ = {isa = PBXFileReference; lastKnownFileType = sourcecode.swift; path = ChangePasswordViewModel.swift; sourceTree = "<group>"; };
		3E61D42B2A1E3881003CC7C3 /* SecureTextField.swift */ = {isa = PBXFileReference; lastKnownFileType = sourcecode.swift; path = SecureTextField.swift; sourceTree = "<group>"; };
		3E61D42E2A1E3BAA003CC7C3 /* PasswordTextField.swift */ = {isa = PBXFileReference; lastKnownFileType = sourcecode.swift; path = PasswordTextField.swift; sourceTree = "<group>"; };
		3E61D4302A1E3BF4003CC7C3 /* NonSecureTextField.swift */ = {isa = PBXFileReference; lastKnownFileType = sourcecode.swift; path = NonSecureTextField.swift; sourceTree = "<group>"; };
		3E8CCA7E2A162A2F002F59E2 /* GreetingViewModel.swift */ = {isa = PBXFileReference; lastKnownFileType = sourcecode.swift; path = GreetingViewModel.swift; sourceTree = "<group>"; };
		3E8CCA802A1652F1002F59E2 /* View+Extension.swift */ = {isa = PBXFileReference; lastKnownFileType = sourcecode.swift; path = "View+Extension.swift"; sourceTree = "<group>"; };
		3EA21D1C2A138A3100797BE9 /* SettingsEnum.swift */ = {isa = PBXFileReference; lastKnownFileType = sourcecode.swift; path = SettingsEnum.swift; sourceTree = "<group>"; };
		3EA21D202A138E2000797BE9 /* SettingCell.swift */ = {isa = PBXFileReference; lastKnownFileType = sourcecode.swift; path = SettingCell.swift; sourceTree = "<group>"; };
		3EA21D272A13A13200797BE9 /* AppearanceView.swift */ = {isa = PBXFileReference; lastKnownFileType = sourcecode.swift; path = AppearanceView.swift; sourceTree = "<group>"; };
		3EA21D292A13A14600797BE9 /* PaymentMethodsView.swift */ = {isa = PBXFileReference; lastKnownFileType = sourcecode.swift; path = PaymentMethodsView.swift; sourceTree = "<group>"; };
		3EA21D2B2A13A15500797BE9 /* NotificationsView.swift */ = {isa = PBXFileReference; lastKnownFileType = sourcecode.swift; path = NotificationsView.swift; sourceTree = "<group>"; };
		3EA21D2D2A13A16600797BE9 /* AccountInformationView.swift */ = {isa = PBXFileReference; lastKnownFileType = sourcecode.swift; path = AccountInformationView.swift; sourceTree = "<group>"; };
		3EA21D302A13A4FA00797BE9 /* PurchasesView.swift */ = {isa = PBXFileReference; lastKnownFileType = sourcecode.swift; path = PurchasesView.swift; sourceTree = "<group>"; };
		3EB6B51029ED49CB00CBFD0D /* Bookista.app */ = {isa = PBXFileReference; explicitFileType = wrapper.application; includeInIndex = 0; path = Bookista.app; sourceTree = BUILT_PRODUCTS_DIR; };
		3EB6B51329ED49CB00CBFD0D /* BookistaApp.swift */ = {isa = PBXFileReference; lastKnownFileType = sourcecode.swift; path = BookistaApp.swift; sourceTree = "<group>"; };
		3EB6B51729ED49CC00CBFD0D /* Assets.xcassets */ = {isa = PBXFileReference; lastKnownFileType = folder.assetcatalog; path = Assets.xcassets; sourceTree = "<group>"; };
		3EB6B51A29ED49CC00CBFD0D /* Preview Assets.xcassets */ = {isa = PBXFileReference; lastKnownFileType = folder.assetcatalog; path = "Preview Assets.xcassets"; sourceTree = "<group>"; };
		3EB6B52C29ED4BB800CBFD0D /* GreetingView.swift */ = {isa = PBXFileReference; lastKnownFileType = sourcecode.swift; path = GreetingView.swift; sourceTree = "<group>"; };
		3EB6B53229ED4C3600CBFD0D /* LoginView.swift */ = {isa = PBXFileReference; lastKnownFileType = sourcecode.swift; path = LoginView.swift; sourceTree = "<group>"; };
		3EB6B53429ED4C4100CBFD0D /* LoginViewModel.swift */ = {isa = PBXFileReference; lastKnownFileType = sourcecode.swift; path = LoginViewModel.swift; sourceTree = "<group>"; };
		3EB6B53629ED4C4F00CBFD0D /* SignUpView.swift */ = {isa = PBXFileReference; lastKnownFileType = sourcecode.swift; path = SignUpView.swift; sourceTree = "<group>"; };
		3EB6B53829ED4C5900CBFD0D /* SignUpViewModel.swift */ = {isa = PBXFileReference; lastKnownFileType = sourcecode.swift; path = SignUpViewModel.swift; sourceTree = "<group>"; };
		3EB6B53B29ED4C9800CBFD0D /* StringConstants.swift */ = {isa = PBXFileReference; lastKnownFileType = sourcecode.swift; path = StringConstants.swift; sourceTree = "<group>"; };
		3EB6B53D29ED4CA900CBFD0D /* DataError.swift */ = {isa = PBXFileReference; lastKnownFileType = sourcecode.swift; path = DataError.swift; sourceTree = "<group>"; };
		3EB6B54129ED4CE200CBFD0D /* RealmDataStore.swift */ = {isa = PBXFileReference; lastKnownFileType = sourcecode.swift; path = RealmDataStore.swift; sourceTree = "<group>"; };
		3EB6B54329ED4CF300CBFD0D /* NetworkManager.swift */ = {isa = PBXFileReference; lastKnownFileType = sourcecode.swift; path = NetworkManager.swift; sourceTree = "<group>"; };
		3EB6B54829EE84D100CBFD0D /* Roboto-Medium.ttf */ = {isa = PBXFileReference; lastKnownFileType = file; path = "Roboto-Medium.ttf"; sourceTree = "<group>"; };
		3EB6B54929EE84D100CBFD0D /* Roboto-Light.ttf */ = {isa = PBXFileReference; lastKnownFileType = file; path = "Roboto-Light.ttf"; sourceTree = "<group>"; };
		3EB6B54A29EE84D100CBFD0D /* Roboto-Regular.ttf */ = {isa = PBXFileReference; lastKnownFileType = file; path = "Roboto-Regular.ttf"; sourceTree = "<group>"; };
		3EB6B54B29EE84D100CBFD0D /* Roboto-MediumItalic.ttf */ = {isa = PBXFileReference; lastKnownFileType = file; path = "Roboto-MediumItalic.ttf"; sourceTree = "<group>"; };
		3EB6B54C29EE84D100CBFD0D /* Roboto-ThinItalic.ttf */ = {isa = PBXFileReference; lastKnownFileType = file; path = "Roboto-ThinItalic.ttf"; sourceTree = "<group>"; };
		3EB6B54D29EE84D100CBFD0D /* Roboto-BoldItalic.ttf */ = {isa = PBXFileReference; lastKnownFileType = file; path = "Roboto-BoldItalic.ttf"; sourceTree = "<group>"; };
		3EB6B54E29EE84D100CBFD0D /* Roboto-LightItalic.ttf */ = {isa = PBXFileReference; lastKnownFileType = file; path = "Roboto-LightItalic.ttf"; sourceTree = "<group>"; };
		3EB6B54F29EE84D100CBFD0D /* Roboto-Italic.ttf */ = {isa = PBXFileReference; lastKnownFileType = file; path = "Roboto-Italic.ttf"; sourceTree = "<group>"; };
		3EB6B55129EE84D100CBFD0D /* Roboto-BlackItalic.ttf */ = {isa = PBXFileReference; lastKnownFileType = file; path = "Roboto-BlackItalic.ttf"; sourceTree = "<group>"; };
		3EB6B55229EE84D100CBFD0D /* Roboto-Bold.ttf */ = {isa = PBXFileReference; lastKnownFileType = file; path = "Roboto-Bold.ttf"; sourceTree = "<group>"; };
		3EB6B55329EE84D100CBFD0D /* Roboto-Thin.ttf */ = {isa = PBXFileReference; lastKnownFileType = file; path = "Roboto-Thin.ttf"; sourceTree = "<group>"; };
		3EB6B55429EE84D100CBFD0D /* Roboto-Black.ttf */ = {isa = PBXFileReference; lastKnownFileType = file; path = "Roboto-Black.ttf"; sourceTree = "<group>"; };
		3EB6B5B829EE84FA00CBFD0D /* Poppins-ExtraLight.ttf */ = {isa = PBXFileReference; lastKnownFileType = file; path = "Poppins-ExtraLight.ttf"; sourceTree = "<group>"; };
		3EB6B5B929EE84FA00CBFD0D /* Poppins-ThinItalic.ttf */ = {isa = PBXFileReference; lastKnownFileType = file; path = "Poppins-ThinItalic.ttf"; sourceTree = "<group>"; };
		3EB6B5BA29EE84FA00CBFD0D /* Poppins-ExtraLightItalic.ttf */ = {isa = PBXFileReference; lastKnownFileType = file; path = "Poppins-ExtraLightItalic.ttf"; sourceTree = "<group>"; };
		3EB6B5BB29EE84FA00CBFD0D /* Poppins-BoldItalic.ttf */ = {isa = PBXFileReference; lastKnownFileType = file; path = "Poppins-BoldItalic.ttf"; sourceTree = "<group>"; };
		3EB6B5BC29EE84FA00CBFD0D /* Poppins-Light.ttf */ = {isa = PBXFileReference; lastKnownFileType = file; path = "Poppins-Light.ttf"; sourceTree = "<group>"; };
		3EB6B5BD29EE84FA00CBFD0D /* Poppins-Medium.ttf */ = {isa = PBXFileReference; lastKnownFileType = file; path = "Poppins-Medium.ttf"; sourceTree = "<group>"; };
		3EB6B5BE29EE84FA00CBFD0D /* Poppins-SemiBoldItalic.ttf */ = {isa = PBXFileReference; lastKnownFileType = file; path = "Poppins-SemiBoldItalic.ttf"; sourceTree = "<group>"; };
		3EB6B5BF29EE84FA00CBFD0D /* Poppins-ExtraBoldItalic.ttf */ = {isa = PBXFileReference; lastKnownFileType = file; path = "Poppins-ExtraBoldItalic.ttf"; sourceTree = "<group>"; };
		3EB6B5C029EE84FA00CBFD0D /* Poppins-ExtraBold.ttf */ = {isa = PBXFileReference; lastKnownFileType = file; path = "Poppins-ExtraBold.ttf"; sourceTree = "<group>"; };
		3EB6B5C129EE84FA00CBFD0D /* Poppins-BlackItalic.ttf */ = {isa = PBXFileReference; lastKnownFileType = file; path = "Poppins-BlackItalic.ttf"; sourceTree = "<group>"; };
		3EB6B5C329EE84FA00CBFD0D /* Poppins-Regular.ttf */ = {isa = PBXFileReference; lastKnownFileType = file; path = "Poppins-Regular.ttf"; sourceTree = "<group>"; };
		3EB6B5C429EE84FA00CBFD0D /* Poppins-LightItalic.ttf */ = {isa = PBXFileReference; lastKnownFileType = file; path = "Poppins-LightItalic.ttf"; sourceTree = "<group>"; };
		3EB6B5C529EE84FA00CBFD0D /* Poppins-Bold.ttf */ = {isa = PBXFileReference; lastKnownFileType = file; path = "Poppins-Bold.ttf"; sourceTree = "<group>"; };
		3EB6B5C629EE84FA00CBFD0D /* Poppins-Black.ttf */ = {isa = PBXFileReference; lastKnownFileType = file; path = "Poppins-Black.ttf"; sourceTree = "<group>"; };
		3EB6B5C729EE84FA00CBFD0D /* Poppins-Thin.ttf */ = {isa = PBXFileReference; lastKnownFileType = file; path = "Poppins-Thin.ttf"; sourceTree = "<group>"; };
		3EB6B5C829EE84FA00CBFD0D /* Poppins-SemiBold.ttf */ = {isa = PBXFileReference; lastKnownFileType = file; path = "Poppins-SemiBold.ttf"; sourceTree = "<group>"; };
		3EB6B5C929EE84FA00CBFD0D /* Poppins-Italic.ttf */ = {isa = PBXFileReference; lastKnownFileType = file; path = "Poppins-Italic.ttf"; sourceTree = "<group>"; };
		3EB6B5CA29EE84FA00CBFD0D /* Poppins-MediumItalic.ttf */ = {isa = PBXFileReference; lastKnownFileType = file; path = "Poppins-MediumItalic.ttf"; sourceTree = "<group>"; };
		3EB6B5DF29EE850000CBFD0D /* NunitoSans-LightItalic.ttf */ = {isa = PBXFileReference; lastKnownFileType = file; path = "NunitoSans-LightItalic.ttf"; sourceTree = "<group>"; };
		3EB6B5E029EE850000CBFD0D /* NunitoSans-BoldItalic.ttf */ = {isa = PBXFileReference; lastKnownFileType = file; path = "NunitoSans-BoldItalic.ttf"; sourceTree = "<group>"; };
		3EB6B5E129EE850000CBFD0D /* NunitoSans-ExtraLight.ttf */ = {isa = PBXFileReference; lastKnownFileType = file; path = "NunitoSans-ExtraLight.ttf"; sourceTree = "<group>"; };
		3EB6B5E229EE850000CBFD0D /* NunitoSans-Light.ttf */ = {isa = PBXFileReference; lastKnownFileType = file; path = "NunitoSans-Light.ttf"; sourceTree = "<group>"; };
		3EB6B5E329EE850000CBFD0D /* NunitoSans-BlackItalic.ttf */ = {isa = PBXFileReference; lastKnownFileType = file; path = "NunitoSans-BlackItalic.ttf"; sourceTree = "<group>"; };
		3EB6B5E429EE850000CBFD0D /* NunitoSans-ExtraBold.ttf */ = {isa = PBXFileReference; lastKnownFileType = file; path = "NunitoSans-ExtraBold.ttf"; sourceTree = "<group>"; };
		3EB6B5E529EE850000CBFD0D /* NunitoSans-Regular.ttf */ = {isa = PBXFileReference; lastKnownFileType = file; path = "NunitoSans-Regular.ttf"; sourceTree = "<group>"; };
		3EB6B5E629EE850000CBFD0D /* NunitoSans-SemiBoldItalic.ttf */ = {isa = PBXFileReference; lastKnownFileType = file; path = "NunitoSans-SemiBoldItalic.ttf"; sourceTree = "<group>"; };
		3EB6B5E729EE850000CBFD0D /* NunitoSans-Italic.ttf */ = {isa = PBXFileReference; lastKnownFileType = file; path = "NunitoSans-Italic.ttf"; sourceTree = "<group>"; };
		3EB6B5E929EE850000CBFD0D /* NunitoSans-Bold.ttf */ = {isa = PBXFileReference; lastKnownFileType = file; path = "NunitoSans-Bold.ttf"; sourceTree = "<group>"; };
		3EB6B5EA29EE850000CBFD0D /* NunitoSans-SemiBold.ttf */ = {isa = PBXFileReference; lastKnownFileType = file; path = "NunitoSans-SemiBold.ttf"; sourceTree = "<group>"; };
		3EB6B5EB29EE850000CBFD0D /* NunitoSans-Black.ttf */ = {isa = PBXFileReference; lastKnownFileType = file; path = "NunitoSans-Black.ttf"; sourceTree = "<group>"; };
		3EB6B5EC29EE850000CBFD0D /* NunitoSans-ExtraBoldItalic.ttf */ = {isa = PBXFileReference; lastKnownFileType = file; path = "NunitoSans-ExtraBoldItalic.ttf"; sourceTree = "<group>"; };
		3EB6B5ED29EE850000CBFD0D /* NunitoSans-ExtraLightItalic.ttf */ = {isa = PBXFileReference; lastKnownFileType = file; path = "NunitoSans-ExtraLightItalic.ttf"; sourceTree = "<group>"; };
		3EB6B5FD29EE85CE00CBFD0D /* Info.plist */ = {isa = PBXFileReference; lastKnownFileType = text.plist.xml; path = Info.plist; sourceTree = "<group>"; };
		3EB6B5FF29EE8AF700CBFD0D /* UIFont+Extension.swift */ = {isa = PBXFileReference; lastKnownFileType = sourcecode.swift; path = "UIFont+Extension.swift"; sourceTree = "<group>"; };
		3EB6B60229EE8CB300CBFD0D /* UIColor+Extension.swift */ = {isa = PBXFileReference; lastKnownFileType = sourcecode.swift; path = "UIColor+Extension.swift"; sourceTree = "<group>"; };
		3EB6B60529EFF20D00CBFD0D /* AuthorizationTextField.swift */ = {isa = PBXFileReference; lastKnownFileType = sourcecode.swift; path = AuthorizationTextField.swift; sourceTree = "<group>"; };
		3EB6B60B29F1215500CBFD0D /* User.swift */ = {isa = PBXFileReference; lastKnownFileType = sourcecode.swift; path = User.swift; sourceTree = "<group>"; };
		3EB6B60E29F131B500CBFD0D /* HomeView.swift */ = {isa = PBXFileReference; lastKnownFileType = sourcecode.swift; path = HomeView.swift; sourceTree = "<group>"; };
		3EB6B61029F14B2300CBFD0D /* UIApplication+Extension .swift */ = {isa = PBXFileReference; lastKnownFileType = sourcecode.swift; path = "UIApplication+Extension .swift"; sourceTree = "<group>"; };
		3EC062682A1760FC00C64A99 /* AccountInformationViewModel.swift */ = {isa = PBXFileReference; lastKnownFileType = sourcecode.swift; path = AccountInformationViewModel.swift; sourceTree = "<group>"; };
		3EC0626B2A1786C800C64A99 /* LocalManager.swift */ = {isa = PBXFileReference; lastKnownFileType = sourcecode.swift; path = LocalManager.swift; sourceTree = "<group>"; };
		3EE17D6C2A24CB800093E0A7 /* TitleView.swift */ = {isa = PBXFileReference; lastKnownFileType = sourcecode.swift; path = TitleView.swift; sourceTree = "<group>"; };
		3EE17D6F2A24CC7B0093E0A7 /* AddCardView.swift */ = {isa = PBXFileReference; lastKnownFileType = sourcecode.swift; path = AddCardView.swift; sourceTree = "<group>"; };
		3EE17D712A24CC840093E0A7 /* AddCardViewModel.swift */ = {isa = PBXFileReference; lastKnownFileType = sourcecode.swift; path = AddCardViewModel.swift; sourceTree = "<group>"; };
		3EE17D742A24DF330093E0A7 /* AddNewCardTextField.swift */ = {isa = PBXFileReference; lastKnownFileType = sourcecode.swift; path = AddNewCardTextField.swift; sourceTree = "<group>"; };
		D0DC825E78B7374A0C4C527F /* Pods_Bookista.framework */ = {isa = PBXFileReference; explicitFileType = wrapper.framework; includeInIndex = 0; path = Pods_Bookista.framework; sourceTree = BUILT_PRODUCTS_DIR; };
		FB2B70657729C4F7C42916B9 /* Pods-Bookista.debug.xcconfig */ = {isa = PBXFileReference; includeInIndex = 1; lastKnownFileType = text.xcconfig; name = "Pods-Bookista.debug.xcconfig"; path = "Target Support Files/Pods-Bookista/Pods-Bookista.debug.xcconfig"; sourceTree = "<group>"; };
/* End PBXFileReference section */

/* Begin PBXFrameworksBuildPhase section */
		3EB6B50D29ED49CB00CBFD0D /* Frameworks */ = {
			isa = PBXFrameworksBuildPhase;
			buildActionMask = 2147483647;
			files = (
				DB17D8E91FCA30A902B6F1D1 /* Pods_Bookista.framework in Frameworks */,
			);
			runOnlyForDeploymentPostprocessing = 0;
		};
/* End PBXFrameworksBuildPhase section */

/* Begin PBXGroup section */
		2C3C05EDB450015F4805D7FD /* Frameworks */ = {
			isa = PBXGroup;
			children = (
				D0DC825E78B7374A0C4C527F /* Pods_Bookista.framework */,
			);
			name = Frameworks;
			sourceTree = "<group>";
		};
		3E5D32532A123D93007BB1D1 /* Tabbar */ = {
			isa = PBXGroup;
			children = (
				3E5D32542A123DE7007BB1D1 /* TabbarView.swift */,
				3E5D32562A123DF3007BB1D1 /* TabBarViewModel.swift */,
				3E5D32642A124016007BB1D1 /* TabbarItemEnum.swift */,
			);
			path = Tabbar;
			sourceTree = "<group>";
		};
		3E5D32582A123DFF007BB1D1 /* Bookshelf */ = {
			isa = PBXGroup;
			children = (
				3E5D325C2A123F92007BB1D1 /* BookshelfView.swift */,
				3E5D325E2A123F9A007BB1D1 /* BookshelfViewModel.swift */,
			);
			path = Bookshelf;
			sourceTree = "<group>";
		};
		3E5D32592A123ECD007BB1D1 /* Settings */ = {
			isa = PBXGroup;
			children = (
				3EA21D222A138EFF00797BE9 /* Cells */,
				3E5D32602A123FAF007BB1D1 /* SettingsView.swift */,
				3E5D32622A123FB8007BB1D1 /* SettingsViewModel.swift */,
				3EA21D1C2A138A3100797BE9 /* SettingsEnum.swift */,
			);
			path = Settings;
			sourceTree = "<group>";
		};
		3E61D4262A1E345F003CC7C3 /* ChangePassword */ = {
			isa = PBXGroup;
			children = (
				3E61D42D2A1E38F6003CC7C3 /* Reusable */,
				3E61D4272A1E3471003CC7C3 /* ChangePasswordView.swift */,
				3E61D4292A1E347D003CC7C3 /* ChangePasswordViewModel.swift */,
			);
			path = ChangePassword;
			sourceTree = "<group>";
		};
		3E61D42D2A1E38F6003CC7C3 /* Reusable */ = {
			isa = PBXGroup;
			children = (
				3E61D4302A1E3BF4003CC7C3 /* NonSecureTextField.swift */,
				3E61D42B2A1E3881003CC7C3 /* SecureTextField.swift */,
				3E61D42E2A1E3BAA003CC7C3 /* PasswordTextField.swift */,
			);
			path = Reusable;
			sourceTree = "<group>";
		};
		3EA21D222A138EFF00797BE9 /* Cells */ = {
			isa = PBXGroup;
			children = (
				3EA21D202A138E2000797BE9 /* SettingCell.swift */,
			);
			path = Cells;
			sourceTree = "<group>";
		};
		3EA21D232A13A0F900797BE9 /* AccountInformation */ = {
			isa = PBXGroup;
			children = (
				3EA21D2D2A13A16600797BE9 /* AccountInformationView.swift */,
				3EC062682A1760FC00C64A99 /* AccountInformationViewModel.swift */,
			);
			path = AccountInformation;
			sourceTree = "<group>";
		};
		3EA21D242A13A10500797BE9 /* Notifications */ = {
			isa = PBXGroup;
			children = (
				3EA21D2B2A13A15500797BE9 /* NotificationsView.swift */,
			);
			path = Notifications;
			sourceTree = "<group>";
		};
		3EA21D252A13A11200797BE9 /* PaymentMethods */ = {
			isa = PBXGroup;
			children = (
				3EA21D292A13A14600797BE9 /* PaymentMethodsView.swift */,
			);
			path = PaymentMethods;
			sourceTree = "<group>";
		};
		3EA21D262A13A12100797BE9 /* Appearance */ = {
			isa = PBXGroup;
			children = (
				3EA21D272A13A13200797BE9 /* AppearanceView.swift */,
			);
			path = Appearance;
			sourceTree = "<group>";
		};
		3EA21D2F2A13A4E900797BE9 /* Purchases */ = {
			isa = PBXGroup;
			children = (
				3EA21D302A13A4FA00797BE9 /* PurchasesView.swift */,
			);
			path = Purchases;
			sourceTree = "<group>";
		};
		3EB6B50729ED49CB00CBFD0D = {
			isa = PBXGroup;
			children = (
				3EB6B51229ED49CB00CBFD0D /* Bookista */,
				3EB6B51129ED49CB00CBFD0D /* Products */,
				5BC68C75E9FF9A521E032392 /* Pods */,
				2C3C05EDB450015F4805D7FD /* Frameworks */,
			);
			sourceTree = "<group>";
		};
		3EB6B51129ED49CB00CBFD0D /* Products */ = {
			isa = PBXGroup;
			children = (
				3EB6B51029ED49CB00CBFD0D /* Bookista.app */,
			);
			name = Products;
			sourceTree = "<group>";
		};
		3EB6B51229ED49CB00CBFD0D /* Bookista */ = {
			isa = PBXGroup;
			children = (
				3EB6B5FD29EE85CE00CBFD0D /* Info.plist */,
				3EB6B52429ED4AC900CBFD0D /* Helper */,
				3EB6B53A29ED4C8500CBFD0D /* Store */,
				3EB6B52329ED4A8600CBFD0D /* Network */,
				3EB6B52129ED4A7500CBFD0D /* Views */,
				3EB6B52229ED4A7B00CBFD0D /* App */,
			);
			path = Bookista;
			sourceTree = "<group>";
		};
		3EB6B51929ED49CC00CBFD0D /* Preview Content */ = {
			isa = PBXGroup;
			children = (
				3EB6B51A29ED49CC00CBFD0D /* Preview Assets.xcassets */,
			);
			path = "Preview Content";
			sourceTree = "<group>";
		};
		3EB6B52129ED4A7500CBFD0D /* Views */ = {
			isa = PBXGroup;
			children = (
				3EB6B52B29ED4B9900CBFD0D /* GetStartedView */,
				3EB6B53129ED4C1E00CBFD0D /* Login */,
				3EB6B53029ED4BCB00CBFD0D /* SignUp */,
				3E5D32532A123D93007BB1D1 /* Tabbar */,
				3EB6B60D29F131A900CBFD0D /* Home */,
				3E5D32582A123DFF007BB1D1 /* Bookshelf */,
				3E5D32592A123ECD007BB1D1 /* Settings */,
				3EA21D232A13A0F900797BE9 /* AccountInformation */,
				3E61D4262A1E345F003CC7C3 /* ChangePassword */,
				3EA21D242A13A10500797BE9 /* Notifications */,
				3EA21D252A13A11200797BE9 /* PaymentMethods */,
				3EE17D6E2A24CC610093E0A7 /* AddCard */,
				3EA21D262A13A12100797BE9 /* Appearance */,
				3EA21D2F2A13A4E900797BE9 /* Purchases */,
				3EB6B60429EFF1F300CBFD0D /* Reusable */,
			);
			path = Views;
			sourceTree = "<group>";
		};
		3EB6B52229ED4A7B00CBFD0D /* App */ = {
			isa = PBXGroup;
			children = (
				3EB6B54529EE828500CBFD0D /* Resources  */,
				3EB6B51329ED49CB00CBFD0D /* BookistaApp.swift */,
				3EB6B51929ED49CC00CBFD0D /* Preview Content */,
			);
			path = App;
			sourceTree = "<group>";
		};
		3EB6B52329ED4A8600CBFD0D /* Network */ = {
			isa = PBXGroup;
			children = (
				3EB6B54329ED4CF300CBFD0D /* NetworkManager.swift */,
				3EB6B54029ED4CC000CBFD0D /* Model */,
			);
			path = Network;
			sourceTree = "<group>";
		};
		3EB6B52429ED4AC900CBFD0D /* Helper */ = {
			isa = PBXGroup;
			children = (
				3EB6B60129EE8CA000CBFD0D /* Extensions */,
				3EB6B53B29ED4C9800CBFD0D /* StringConstants.swift */,
				3EB6B53D29ED4CA900CBFD0D /* DataError.swift */,
			);
			path = Helper;
			sourceTree = "<group>";
		};
		3EB6B52B29ED4B9900CBFD0D /* GetStartedView */ = {
			isa = PBXGroup;
			children = (
				3EB6B52C29ED4BB800CBFD0D /* GreetingView.swift */,
				3E8CCA7E2A162A2F002F59E2 /* GreetingViewModel.swift */,
			);
			path = GetStartedView;
			sourceTree = "<group>";
		};
		3EB6B53029ED4BCB00CBFD0D /* SignUp */ = {
			isa = PBXGroup;
			children = (
				3EB6B53629ED4C4F00CBFD0D /* SignUpView.swift */,
				3EB6B53829ED4C5900CBFD0D /* SignUpViewModel.swift */,
			);
			path = SignUp;
			sourceTree = "<group>";
		};
		3EB6B53129ED4C1E00CBFD0D /* Login */ = {
			isa = PBXGroup;
			children = (
				3EB6B53229ED4C3600CBFD0D /* LoginView.swift */,
				3EB6B53429ED4C4100CBFD0D /* LoginViewModel.swift */,
			);
			path = Login;
			sourceTree = "<group>";
		};
		3EB6B53A29ED4C8500CBFD0D /* Store */ = {
			isa = PBXGroup;
			children = (
				3EB6B53F29ED4CB800CBFD0D /* Model */,
				3EC0626B2A1786C800C64A99 /* LocalManager.swift */,
				3EB6B54129ED4CE200CBFD0D /* RealmDataStore.swift */,
			);
			path = Store;
			sourceTree = "<group>";
		};
		3EB6B53F29ED4CB800CBFD0D /* Model */ = {
			isa = PBXGroup;
			children = (
				3EB6B60B29F1215500CBFD0D /* User.swift */,
			);
			path = Model;
			sourceTree = "<group>";
		};
		3EB6B54029ED4CC000CBFD0D /* Model */ = {
			isa = PBXGroup;
			children = (
			);
			path = Model;
			sourceTree = "<group>";
		};
		3EB6B54529EE828500CBFD0D /* Resources  */ = {
			isa = PBXGroup;
			children = (
				3EB6B54629EE829A00CBFD0D /* Fonts */,
				3EB6B51729ED49CC00CBFD0D /* Assets.xcassets */,
			);
			path = "Resources ";
			sourceTree = "<group>";
		};
		3EB6B54629EE829A00CBFD0D /* Fonts */ = {
			isa = PBXGroup;
			children = (
				3EB6B5DE29EE850000CBFD0D /* Nunito_Sans */,
				3EB6B5B729EE84FA00CBFD0D /* Poppins */,
				3EB6B54729EE84D100CBFD0D /* Roboto */,
			);
			path = Fonts;
			sourceTree = "<group>";
		};
		3EB6B54729EE84D100CBFD0D /* Roboto */ = {
			isa = PBXGroup;
			children = (
				3EB6B54829EE84D100CBFD0D /* Roboto-Medium.ttf */,
				3EB6B54929EE84D100CBFD0D /* Roboto-Light.ttf */,
				3EB6B54A29EE84D100CBFD0D /* Roboto-Regular.ttf */,
				3EB6B54B29EE84D100CBFD0D /* Roboto-MediumItalic.ttf */,
				3EB6B54C29EE84D100CBFD0D /* Roboto-ThinItalic.ttf */,
				3EB6B54D29EE84D100CBFD0D /* Roboto-BoldItalic.ttf */,
				3EB6B54E29EE84D100CBFD0D /* Roboto-LightItalic.ttf */,
				3EB6B54F29EE84D100CBFD0D /* Roboto-Italic.ttf */,
				3EB6B55129EE84D100CBFD0D /* Roboto-BlackItalic.ttf */,
				3EB6B55229EE84D100CBFD0D /* Roboto-Bold.ttf */,
				3EB6B55329EE84D100CBFD0D /* Roboto-Thin.ttf */,
				3EB6B55429EE84D100CBFD0D /* Roboto-Black.ttf */,
			);
			path = Roboto;
			sourceTree = "<group>";
		};
		3EB6B5B729EE84FA00CBFD0D /* Poppins */ = {
			isa = PBXGroup;
			children = (
				3EB6B5B829EE84FA00CBFD0D /* Poppins-ExtraLight.ttf */,
				3EB6B5B929EE84FA00CBFD0D /* Poppins-ThinItalic.ttf */,
				3EB6B5BA29EE84FA00CBFD0D /* Poppins-ExtraLightItalic.ttf */,
				3EB6B5BB29EE84FA00CBFD0D /* Poppins-BoldItalic.ttf */,
				3EB6B5BC29EE84FA00CBFD0D /* Poppins-Light.ttf */,
				3EB6B5BD29EE84FA00CBFD0D /* Poppins-Medium.ttf */,
				3EB6B5BE29EE84FA00CBFD0D /* Poppins-SemiBoldItalic.ttf */,
				3EB6B5BF29EE84FA00CBFD0D /* Poppins-ExtraBoldItalic.ttf */,
				3EB6B5C029EE84FA00CBFD0D /* Poppins-ExtraBold.ttf */,
				3EB6B5C129EE84FA00CBFD0D /* Poppins-BlackItalic.ttf */,
				3EB6B5C329EE84FA00CBFD0D /* Poppins-Regular.ttf */,
				3EB6B5C429EE84FA00CBFD0D /* Poppins-LightItalic.ttf */,
				3EB6B5C529EE84FA00CBFD0D /* Poppins-Bold.ttf */,
				3EB6B5C629EE84FA00CBFD0D /* Poppins-Black.ttf */,
				3EB6B5C729EE84FA00CBFD0D /* Poppins-Thin.ttf */,
				3EB6B5C829EE84FA00CBFD0D /* Poppins-SemiBold.ttf */,
				3EB6B5C929EE84FA00CBFD0D /* Poppins-Italic.ttf */,
				3EB6B5CA29EE84FA00CBFD0D /* Poppins-MediumItalic.ttf */,
			);
			path = Poppins;
			sourceTree = "<group>";
		};
		3EB6B5DE29EE850000CBFD0D /* Nunito_Sans */ = {
			isa = PBXGroup;
			children = (
				3EB6B5DF29EE850000CBFD0D /* NunitoSans-LightItalic.ttf */,
				3EB6B5E029EE850000CBFD0D /* NunitoSans-BoldItalic.ttf */,
				3EB6B5E129EE850000CBFD0D /* NunitoSans-ExtraLight.ttf */,
				3EB6B5E229EE850000CBFD0D /* NunitoSans-Light.ttf */,
				3EB6B5E329EE850000CBFD0D /* NunitoSans-BlackItalic.ttf */,
				3EB6B5E429EE850000CBFD0D /* NunitoSans-ExtraBold.ttf */,
				3EB6B5E529EE850000CBFD0D /* NunitoSans-Regular.ttf */,
				3EB6B5E629EE850000CBFD0D /* NunitoSans-SemiBoldItalic.ttf */,
				3EB6B5E729EE850000CBFD0D /* NunitoSans-Italic.ttf */,
				3EB6B5E929EE850000CBFD0D /* NunitoSans-Bold.ttf */,
				3EB6B5EA29EE850000CBFD0D /* NunitoSans-SemiBold.ttf */,
				3EB6B5EB29EE850000CBFD0D /* NunitoSans-Black.ttf */,
				3EB6B5EC29EE850000CBFD0D /* NunitoSans-ExtraBoldItalic.ttf */,
				3EB6B5ED29EE850000CBFD0D /* NunitoSans-ExtraLightItalic.ttf */,
			);
			path = Nunito_Sans;
			sourceTree = "<group>";
		};
		3EB6B60129EE8CA000CBFD0D /* Extensions */ = {
			isa = PBXGroup;
			children = (
				3EB6B5FF29EE8AF700CBFD0D /* UIFont+Extension.swift */,
				3EB6B60229EE8CB300CBFD0D /* UIColor+Extension.swift */,
				3EB6B61029F14B2300CBFD0D /* UIApplication+Extension .swift */,
				3E8CCA802A1652F1002F59E2 /* View+Extension.swift */,
				3E61D4242A1B5CF4003CC7C3 /* Image+Extension.swift */,
			);
			path = Extensions;
			sourceTree = "<group>";
		};
		3EB6B60429EFF1F300CBFD0D /* Reusable */ = {
			isa = PBXGroup;
			children = (
				3EB6B60529EFF20D00CBFD0D /* AuthorizationTextField.swift */,
				3EE17D6C2A24CB800093E0A7 /* TitleView.swift */,
			);
			path = Reusable;
			sourceTree = "<group>";
		};
		3EB6B60D29F131A900CBFD0D /* Home */ = {
			isa = PBXGroup;
			children = (
				3EB6B60E29F131B500CBFD0D /* HomeView.swift */,
				3E5D325A2A123F7F007BB1D1 /* HomeViewModel.swift */,
			);
			path = Home;
			sourceTree = "<group>";
		};
		3EE17D6E2A24CC610093E0A7 /* AddCard */ = {
			isa = PBXGroup;
			children = (
				3EE17D732A24DF100093E0A7 /* Reusable */,
				3EE17D6F2A24CC7B0093E0A7 /* AddCardView.swift */,
				3EE17D712A24CC840093E0A7 /* AddCardViewModel.swift */,
			);
			path = AddCard;
			sourceTree = "<group>";
		};
		3EE17D732A24DF100093E0A7 /* Reusable */ = {
			isa = PBXGroup;
			children = (
				3EE17D742A24DF330093E0A7 /* AddNewCardTextField.swift */,
			);
			path = Reusable;
			sourceTree = "<group>";
		};
		5BC68C75E9FF9A521E032392 /* Pods */ = {
			isa = PBXGroup;
			children = (
				FB2B70657729C4F7C42916B9 /* Pods-Bookista.debug.xcconfig */,
				3D18B1F7974C033D62A87347 /* Pods-Bookista.release.xcconfig */,
			);
			path = Pods;
			sourceTree = "<group>";
		};
/* End PBXGroup section */

/* Begin PBXNativeTarget section */
		3EB6B50F29ED49CB00CBFD0D /* Bookista */ = {
			isa = PBXNativeTarget;
			buildConfigurationList = 3EB6B51E29ED49CC00CBFD0D /* Build configuration list for PBXNativeTarget "Bookista" */;
			buildPhases = (
				8FAA58664D177FBF0594C500 /* [CP] Check Pods Manifest.lock */,
				3EB6B50C29ED49CB00CBFD0D /* Sources */,
				3EB6B50D29ED49CB00CBFD0D /* Frameworks */,
				3EB6B50E29ED49CB00CBFD0D /* Resources */,
				98E4DA0FF7A5BB11E6487708 /* [CP] Embed Pods Frameworks */,
			);
			buildRules = (
			);
			dependencies = (
			);
			name = Bookista;
			productName = Bookista;
			productReference = 3EB6B51029ED49CB00CBFD0D /* Bookista.app */;
			productType = "com.apple.product-type.application";
		};
/* End PBXNativeTarget section */

/* Begin PBXProject section */
		3EB6B50829ED49CB00CBFD0D /* Project object */ = {
			isa = PBXProject;
			attributes = {
				BuildIndependentTargetsInParallel = 1;
				LastSwiftUpdateCheck = 1420;
				LastUpgradeCheck = 1420;
				TargetAttributes = {
					3EB6B50F29ED49CB00CBFD0D = {
						CreatedOnToolsVersion = 14.2;
					};
				};
			};
			buildConfigurationList = 3EB6B50B29ED49CB00CBFD0D /* Build configuration list for PBXProject "Bookista" */;
			compatibilityVersion = "Xcode 14.0";
			developmentRegion = en;
			hasScannedForEncodings = 0;
			knownRegions = (
				en,
				Base,
			);
			mainGroup = 3EB6B50729ED49CB00CBFD0D;
			productRefGroup = 3EB6B51129ED49CB00CBFD0D /* Products */;
			projectDirPath = "";
			projectRoot = "";
			targets = (
				3EB6B50F29ED49CB00CBFD0D /* Bookista */,
			);
		};
/* End PBXProject section */

/* Begin PBXResourcesBuildPhase section */
		3EB6B50E29ED49CB00CBFD0D /* Resources */ = {
			isa = PBXResourcesBuildPhase;
			buildActionMask = 2147483647;
			files = (
				3EB6B56029EE84D100CBFD0D /* Roboto-Thin.ttf in Resources */,
				3EB6B5DD29EE84FA00CBFD0D /* Poppins-MediumItalic.ttf in Resources */,
				3EB6B56129EE84D100CBFD0D /* Roboto-Black.ttf in Resources */,
				3EB6B5D629EE84FA00CBFD0D /* Poppins-Regular.ttf in Resources */,
				3EB6B55F29EE84D100CBFD0D /* Roboto-Bold.ttf in Resources */,
				3EB6B5D929EE84FA00CBFD0D /* Poppins-Black.ttf in Resources */,
				3EB6B51B29ED49CC00CBFD0D /* Preview Assets.xcassets in Resources */,
				3EB6B5F429EE850000CBFD0D /* NunitoSans-Regular.ttf in Resources */,
				3EB6B5DA29EE84FA00CBFD0D /* Poppins-Thin.ttf in Resources */,
				3EB6B51829ED49CC00CBFD0D /* Assets.xcassets in Resources */,
				3EB6B5D829EE84FA00CBFD0D /* Poppins-Bold.ttf in Resources */,
				3EB6B55A29EE84D100CBFD0D /* Roboto-BoldItalic.ttf in Resources */,
				3EB6B5DC29EE84FA00CBFD0D /* Poppins-Italic.ttf in Resources */,
				3EB6B5D729EE84FA00CBFD0D /* Poppins-LightItalic.ttf in Resources */,
				3EB6B55729EE84D100CBFD0D /* Roboto-Regular.ttf in Resources */,
				3EB6B55929EE84D100CBFD0D /* Roboto-ThinItalic.ttf in Resources */,
				3EB6B55B29EE84D100CBFD0D /* Roboto-LightItalic.ttf in Resources */,
				3EB6B55E29EE84D100CBFD0D /* Roboto-BlackItalic.ttf in Resources */,
				3EB6B5F829EE850000CBFD0D /* NunitoSans-Bold.ttf in Resources */,
				3EB6B55629EE84D100CBFD0D /* Roboto-Light.ttf in Resources */,
				3EB6B55C29EE84D100CBFD0D /* Roboto-Italic.ttf in Resources */,
				3EB6B55829EE84D100CBFD0D /* Roboto-MediumItalic.ttf in Resources */,
				3EB6B5DB29EE84FA00CBFD0D /* Poppins-SemiBold.ttf in Resources */,
				3EB6B55529EE84D100CBFD0D /* Roboto-Medium.ttf in Resources */,
			);
			runOnlyForDeploymentPostprocessing = 0;
		};
/* End PBXResourcesBuildPhase section */

/* Begin PBXShellScriptBuildPhase section */
		8FAA58664D177FBF0594C500 /* [CP] Check Pods Manifest.lock */ = {
			isa = PBXShellScriptBuildPhase;
			buildActionMask = 2147483647;
			files = (
			);
			inputFileListPaths = (
			);
			inputPaths = (
				"${PODS_PODFILE_DIR_PATH}/Podfile.lock",
				"${PODS_ROOT}/Manifest.lock",
			);
			name = "[CP] Check Pods Manifest.lock";
			outputFileListPaths = (
			);
			outputPaths = (
				"$(DERIVED_FILE_DIR)/Pods-Bookista-checkManifestLockResult.txt",
			);
			runOnlyForDeploymentPostprocessing = 0;
			shellPath = /bin/sh;
			shellScript = "diff \"${PODS_PODFILE_DIR_PATH}/Podfile.lock\" \"${PODS_ROOT}/Manifest.lock\" > /dev/null\nif [ $? != 0 ] ; then\n    # print error to STDERR\n    echo \"error: The sandbox is not in sync with the Podfile.lock. Run 'pod install' or update your CocoaPods installation.\" >&2\n    exit 1\nfi\n# This output is used by Xcode 'outputs' to avoid re-running this script phase.\necho \"SUCCESS\" > \"${SCRIPT_OUTPUT_FILE_0}\"\n";
			showEnvVarsInLog = 0;
		};
		98E4DA0FF7A5BB11E6487708 /* [CP] Embed Pods Frameworks */ = {
			isa = PBXShellScriptBuildPhase;
			buildActionMask = 2147483647;
			files = (
			);
			inputFileListPaths = (
				"${PODS_ROOT}/Target Support Files/Pods-Bookista/Pods-Bookista-frameworks-${CONFIGURATION}-input-files.xcfilelist",
			);
			name = "[CP] Embed Pods Frameworks";
			outputFileListPaths = (
				"${PODS_ROOT}/Target Support Files/Pods-Bookista/Pods-Bookista-frameworks-${CONFIGURATION}-output-files.xcfilelist",
			);
			runOnlyForDeploymentPostprocessing = 0;
			shellPath = /bin/sh;
			shellScript = "\"${PODS_ROOT}/Target Support Files/Pods-Bookista/Pods-Bookista-frameworks.sh\"\n";
			showEnvVarsInLog = 0;
		};
/* End PBXShellScriptBuildPhase section */

/* Begin PBXSourcesBuildPhase section */
		3EB6B50C29ED49CB00CBFD0D /* Sources */ = {
			isa = PBXSourcesBuildPhase;
			buildActionMask = 2147483647;
			files = (
				3E5D325B2A123F7F007BB1D1 /* HomeViewModel.swift in Sources */,
				3E61D4282A1E3471003CC7C3 /* ChangePasswordView.swift in Sources */,
				3EB6B60029EE8AF700CBFD0D /* UIFont+Extension.swift in Sources */,
				3EA21D212A138E2000797BE9 /* SettingCell.swift in Sources */,
				3EA21D2E2A13A16600797BE9 /* AccountInformationView.swift in Sources */,
				3EB6B60629EFF20D00CBFD0D /* AuthorizationTextField.swift in Sources */,
				3EE17D702A24CC7B0093E0A7 /* AddCardView.swift in Sources */,
				3EC062692A1760FC00C64A99 /* AccountInformationViewModel.swift in Sources */,
				3EE17D722A24CC840093E0A7 /* AddCardViewModel.swift in Sources */,
				3EA21D282A13A13200797BE9 /* AppearanceView.swift in Sources */,
				3EB6B53329ED4C3600CBFD0D /* LoginView.swift in Sources */,
				3EB6B60C29F1215500CBFD0D /* User.swift in Sources */,
				3E8CCA812A1652F1002F59E2 /* View+Extension.swift in Sources */,
				3EB6B61129F14B2300CBFD0D /* UIApplication+Extension .swift in Sources */,
				3E61D4252A1B5CF4003CC7C3 /* Image+Extension.swift in Sources */,
				3EB6B60F29F131B500CBFD0D /* HomeView.swift in Sources */,
				3EB6B51429ED49CB00CBFD0D /* BookistaApp.swift in Sources */,
				3EB6B52D29ED4BB800CBFD0D /* GreetingView.swift in Sources */,
				3EB6B54429ED4CF300CBFD0D /* NetworkManager.swift in Sources */,
				3EE17D6D2A24CB800093E0A7 /* TitleView.swift in Sources */,
				3EB6B53929ED4C5900CBFD0D /* SignUpViewModel.swift in Sources */,
				3E5D325F2A123F9A007BB1D1 /* BookshelfViewModel.swift in Sources */,
				3E5D32572A123DF3007BB1D1 /* TabBarViewModel.swift in Sources */,
				3EB6B53729ED4C4F00CBFD0D /* SignUpView.swift in Sources */,
				3E61D4312A1E3BF4003CC7C3 /* NonSecureTextField.swift in Sources */,
				3EB6B60329EE8CB300CBFD0D /* UIColor+Extension.swift in Sources */,
				3EC0626C2A1786C800C64A99 /* LocalManager.swift in Sources */,
				3EA21D2C2A13A15500797BE9 /* NotificationsView.swift in Sources */,
				3E8CCA7F2A162A2F002F59E2 /* GreetingViewModel.swift in Sources */,
				3E61D42A2A1E347D003CC7C3 /* ChangePasswordViewModel.swift in Sources */,
				3EA21D1D2A138A3100797BE9 /* SettingsEnum.swift in Sources */,
				3E5D32632A123FB8007BB1D1 /* SettingsViewModel.swift in Sources */,
				3E5D325D2A123F92007BB1D1 /* BookshelfView.swift in Sources */,
				3EA21D2A2A13A14600797BE9 /* PaymentMethodsView.swift in Sources */,
				3E61D42F2A1E3BAA003CC7C3 /* PasswordTextField.swift in Sources */,
				3E5D32552A123DE7007BB1D1 /* TabbarView.swift in Sources */,
				3EB6B53E29ED4CA900CBFD0D /* DataError.swift in Sources */,
				3EB6B53C29ED4C9800CBFD0D /* StringConstants.swift in Sources */,
				3EE17D752A24DF330093E0A7 /* AddNewCardTextField.swift in Sources */,
				3EB6B53529ED4C4100CBFD0D /* LoginViewModel.swift in Sources */,
				3EA21D312A13A4FA00797BE9 /* PurchasesView.swift in Sources */,
				3E61D42C2A1E3881003CC7C3 /* SecureTextField.swift in Sources */,
				3E5D32612A123FAF007BB1D1 /* SettingsView.swift in Sources */,
				3EB6B54229ED4CE200CBFD0D /* RealmDataStore.swift in Sources */,
				3E5D32652A124016007BB1D1 /* TabbarItemEnum.swift in Sources */,
			);
			runOnlyForDeploymentPostprocessing = 0;
		};
/* End PBXSourcesBuildPhase section */

/* Begin XCBuildConfiguration section */
		3EB6B51C29ED49CC00CBFD0D /* Debug */ = {
			isa = XCBuildConfiguration;
			buildSettings = {
				ALWAYS_SEARCH_USER_PATHS = NO;
				CLANG_ANALYZER_NONNULL = YES;
				CLANG_ANALYZER_NUMBER_OBJECT_CONVERSION = YES_AGGRESSIVE;
				CLANG_CXX_LANGUAGE_STANDARD = "gnu++20";
				CLANG_ENABLE_MODULES = YES;
				CLANG_ENABLE_OBJC_ARC = YES;
				CLANG_ENABLE_OBJC_WEAK = YES;
				CLANG_WARN_BLOCK_CAPTURE_AUTORELEASING = YES;
				CLANG_WARN_BOOL_CONVERSION = YES;
				CLANG_WARN_COMMA = YES;
				CLANG_WARN_CONSTANT_CONVERSION = YES;
				CLANG_WARN_DEPRECATED_OBJC_IMPLEMENTATIONS = YES;
				CLANG_WARN_DIRECT_OBJC_ISA_USAGE = YES_ERROR;
				CLANG_WARN_DOCUMENTATION_COMMENTS = YES;
				CLANG_WARN_EMPTY_BODY = YES;
				CLANG_WARN_ENUM_CONVERSION = YES;
				CLANG_WARN_INFINITE_RECURSION = YES;
				CLANG_WARN_INT_CONVERSION = YES;
				CLANG_WARN_NON_LITERAL_NULL_CONVERSION = YES;
				CLANG_WARN_OBJC_IMPLICIT_RETAIN_SELF = YES;
				CLANG_WARN_OBJC_LITERAL_CONVERSION = YES;
				CLANG_WARN_OBJC_ROOT_CLASS = YES_ERROR;
				CLANG_WARN_QUOTED_INCLUDE_IN_FRAMEWORK_HEADER = YES;
				CLANG_WARN_RANGE_LOOP_ANALYSIS = YES;
				CLANG_WARN_STRICT_PROTOTYPES = YES;
				CLANG_WARN_SUSPICIOUS_MOVE = YES;
				CLANG_WARN_UNGUARDED_AVAILABILITY = YES_AGGRESSIVE;
				CLANG_WARN_UNREACHABLE_CODE = YES;
				CLANG_WARN__DUPLICATE_METHOD_MATCH = YES;
				COPY_PHASE_STRIP = NO;
				DEBUG_INFORMATION_FORMAT = dwarf;
				ENABLE_STRICT_OBJC_MSGSEND = YES;
				ENABLE_TESTABILITY = YES;
				GCC_C_LANGUAGE_STANDARD = gnu11;
				GCC_DYNAMIC_NO_PIC = NO;
				GCC_NO_COMMON_BLOCKS = YES;
				GCC_OPTIMIZATION_LEVEL = 0;
				GCC_PREPROCESSOR_DEFINITIONS = (
					"DEBUG=1",
					"$(inherited)",
				);
				GCC_WARN_64_TO_32_BIT_CONVERSION = YES;
				GCC_WARN_ABOUT_RETURN_TYPE = YES_ERROR;
				GCC_WARN_UNDECLARED_SELECTOR = YES;
				GCC_WARN_UNINITIALIZED_AUTOS = YES_AGGRESSIVE;
				GCC_WARN_UNUSED_FUNCTION = YES;
				GCC_WARN_UNUSED_VARIABLE = YES;
				IPHONEOS_DEPLOYMENT_TARGET = 16.2;
				MTL_ENABLE_DEBUG_INFO = INCLUDE_SOURCE;
				MTL_FAST_MATH = YES;
				ONLY_ACTIVE_ARCH = YES;
				SDKROOT = iphoneos;
				SWIFT_ACTIVE_COMPILATION_CONDITIONS = DEBUG;
				SWIFT_OPTIMIZATION_LEVEL = "-Onone";
			};
			name = Debug;
		};
		3EB6B51D29ED49CC00CBFD0D /* Release */ = {
			isa = XCBuildConfiguration;
			buildSettings = {
				ALWAYS_SEARCH_USER_PATHS = NO;
				CLANG_ANALYZER_NONNULL = YES;
				CLANG_ANALYZER_NUMBER_OBJECT_CONVERSION = YES_AGGRESSIVE;
				CLANG_CXX_LANGUAGE_STANDARD = "gnu++20";
				CLANG_ENABLE_MODULES = YES;
				CLANG_ENABLE_OBJC_ARC = YES;
				CLANG_ENABLE_OBJC_WEAK = YES;
				CLANG_WARN_BLOCK_CAPTURE_AUTORELEASING = YES;
				CLANG_WARN_BOOL_CONVERSION = YES;
				CLANG_WARN_COMMA = YES;
				CLANG_WARN_CONSTANT_CONVERSION = YES;
				CLANG_WARN_DEPRECATED_OBJC_IMPLEMENTATIONS = YES;
				CLANG_WARN_DIRECT_OBJC_ISA_USAGE = YES_ERROR;
				CLANG_WARN_DOCUMENTATION_COMMENTS = YES;
				CLANG_WARN_EMPTY_BODY = YES;
				CLANG_WARN_ENUM_CONVERSION = YES;
				CLANG_WARN_INFINITE_RECURSION = YES;
				CLANG_WARN_INT_CONVERSION = YES;
				CLANG_WARN_NON_LITERAL_NULL_CONVERSION = YES;
				CLANG_WARN_OBJC_IMPLICIT_RETAIN_SELF = YES;
				CLANG_WARN_OBJC_LITERAL_CONVERSION = YES;
				CLANG_WARN_OBJC_ROOT_CLASS = YES_ERROR;
				CLANG_WARN_QUOTED_INCLUDE_IN_FRAMEWORK_HEADER = YES;
				CLANG_WARN_RANGE_LOOP_ANALYSIS = YES;
				CLANG_WARN_STRICT_PROTOTYPES = YES;
				CLANG_WARN_SUSPICIOUS_MOVE = YES;
				CLANG_WARN_UNGUARDED_AVAILABILITY = YES_AGGRESSIVE;
				CLANG_WARN_UNREACHABLE_CODE = YES;
				CLANG_WARN__DUPLICATE_METHOD_MATCH = YES;
				COPY_PHASE_STRIP = NO;
				DEBUG_INFORMATION_FORMAT = "dwarf-with-dsym";
				ENABLE_NS_ASSERTIONS = NO;
				ENABLE_STRICT_OBJC_MSGSEND = YES;
				GCC_C_LANGUAGE_STANDARD = gnu11;
				GCC_NO_COMMON_BLOCKS = YES;
				GCC_WARN_64_TO_32_BIT_CONVERSION = YES;
				GCC_WARN_ABOUT_RETURN_TYPE = YES_ERROR;
				GCC_WARN_UNDECLARED_SELECTOR = YES;
				GCC_WARN_UNINITIALIZED_AUTOS = YES_AGGRESSIVE;
				GCC_WARN_UNUSED_FUNCTION = YES;
				GCC_WARN_UNUSED_VARIABLE = YES;
				IPHONEOS_DEPLOYMENT_TARGET = 16.2;
				MTL_ENABLE_DEBUG_INFO = NO;
				MTL_FAST_MATH = YES;
				SDKROOT = iphoneos;
				SWIFT_COMPILATION_MODE = wholemodule;
				SWIFT_OPTIMIZATION_LEVEL = "-O";
				VALIDATE_PRODUCT = YES;
			};
			name = Release;
		};
		3EB6B51F29ED49CC00CBFD0D /* Debug */ = {
			isa = XCBuildConfiguration;
			baseConfigurationReference = FB2B70657729C4F7C42916B9 /* Pods-Bookista.debug.xcconfig */;
			buildSettings = {
				ASSETCATALOG_COMPILER_APPICON_NAME = AppIcon;
				ASSETCATALOG_COMPILER_GLOBAL_ACCENT_COLOR_NAME = AccentColor;
				CODE_SIGN_STYLE = Automatic;
				CURRENT_PROJECT_VERSION = 1;
				DEVELOPMENT_ASSET_PATHS = "\"Bookista/App/Preview Content\"";
				DEVELOPMENT_TEAM = 93V4WB9C37;
				ENABLE_PREVIEWS = YES;
				GENERATE_INFOPLIST_FILE = YES;
				INFOPLIST_FILE = Bookista/Info.plist;
				INFOPLIST_KEY_LSApplicationCategoryType = "public.app-category.books";
				INFOPLIST_KEY_UIApplicationSceneManifest_Generation = YES;
				INFOPLIST_KEY_UIApplicationSupportsIndirectInputEvents = YES;
				INFOPLIST_KEY_UILaunchScreen_Generation = YES;
				INFOPLIST_KEY_UISupportedInterfaceOrientations = UIInterfaceOrientationPortrait;
				INFOPLIST_KEY_UISupportedInterfaceOrientations_iPad = "UIInterfaceOrientationLandscapeLeft UIInterfaceOrientationLandscapeRight UIInterfaceOrientationPortrait UIInterfaceOrientationPortraitUpsideDown";
				LD_RUNPATH_SEARCH_PATHS = (
					"$(inherited)",
					"@executable_path/Frameworks",
				);
				MARKETING_VERSION = 1.0;
				PRODUCT_BUNDLE_IDENTIFIER = none.Bookista;
				PRODUCT_NAME = "$(TARGET_NAME)";
				SWIFT_EMIT_LOC_STRINGS = YES;
				SWIFT_VERSION = 5.0;
				TARGETED_DEVICE_FAMILY = "1,2";
			};
			name = Debug;
		};
		3EB6B52029ED49CC00CBFD0D /* Release */ = {
			isa = XCBuildConfiguration;
			baseConfigurationReference = 3D18B1F7974C033D62A87347 /* Pods-Bookista.release.xcconfig */;
			buildSettings = {
				ASSETCATALOG_COMPILER_APPICON_NAME = AppIcon;
				ASSETCATALOG_COMPILER_GLOBAL_ACCENT_COLOR_NAME = AccentColor;
				CODE_SIGN_STYLE = Automatic;
				CURRENT_PROJECT_VERSION = 1;
				DEVELOPMENT_ASSET_PATHS = "\"Bookista/App/Preview Content\"";
				DEVELOPMENT_TEAM = 93V4WB9C37;
				ENABLE_PREVIEWS = YES;
				GENERATE_INFOPLIST_FILE = YES;
				INFOPLIST_FILE = Bookista/Info.plist;
				INFOPLIST_KEY_LSApplicationCategoryType = "public.app-category.books";
				INFOPLIST_KEY_UIApplicationSceneManifest_Generation = YES;
				INFOPLIST_KEY_UIApplicationSupportsIndirectInputEvents = YES;
				INFOPLIST_KEY_UILaunchScreen_Generation = YES;
				INFOPLIST_KEY_UISupportedInterfaceOrientations = UIInterfaceOrientationPortrait;
				INFOPLIST_KEY_UISupportedInterfaceOrientations_iPad = "UIInterfaceOrientationLandscapeLeft UIInterfaceOrientationLandscapeRight UIInterfaceOrientationPortrait UIInterfaceOrientationPortraitUpsideDown";
				LD_RUNPATH_SEARCH_PATHS = (
					"$(inherited)",
					"@executable_path/Frameworks",
				);
				MARKETING_VERSION = 1.0;
				PRODUCT_BUNDLE_IDENTIFIER = none.Bookista;
				PRODUCT_NAME = "$(TARGET_NAME)";
				SWIFT_EMIT_LOC_STRINGS = YES;
				SWIFT_VERSION = 5.0;
				TARGETED_DEVICE_FAMILY = "1,2";
			};
			name = Release;
		};
/* End XCBuildConfiguration section */

/* Begin XCConfigurationList section */
		3EB6B50B29ED49CB00CBFD0D /* Build configuration list for PBXProject "Bookista" */ = {
			isa = XCConfigurationList;
			buildConfigurations = (
				3EB6B51C29ED49CC00CBFD0D /* Debug */,
				3EB6B51D29ED49CC00CBFD0D /* Release */,
			);
			defaultConfigurationIsVisible = 0;
			defaultConfigurationName = Release;
		};
		3EB6B51E29ED49CC00CBFD0D /* Build configuration list for PBXNativeTarget "Bookista" */ = {
			isa = XCConfigurationList;
			buildConfigurations = (
				3EB6B51F29ED49CC00CBFD0D /* Debug */,
				3EB6B52029ED49CC00CBFD0D /* Release */,
			);
			defaultConfigurationIsVisible = 0;
			defaultConfigurationName = Release;
		};
/* End XCConfigurationList section */
	};
	rootObject = 3EB6B50829ED49CB00CBFD0D /* Project object */;
}
